// !$*UTF8*$!
{
	archiveVersion = 1;
	classes = {
	};
	objectVersion = 55;
	objects = {

/* Begin PBXBuildFile section */
		734E16FF2735639800C47AB9 /* PickItemViewController.swift in Sources */ = {isa = PBXBuildFile; fileRef = 734E16FE2735639800C47AB9 /* PickItemViewController.swift */; };
		734E1702273569C200C47AB9 /* ItemsManager.swift in Sources */ = {isa = PBXBuildFile; fileRef = 734E1701273569C200C47AB9 /* ItemsManager.swift */; };
		734E170427357E5900C47AB9 /* PickItemViewModel.swift in Sources */ = {isa = PBXBuildFile; fileRef = 734E170327357E5900C47AB9 /* PickItemViewModel.swift */; };
		7389684B273E747200C9DBD3 /* ItemTabViewModel.swift in Sources */ = {isa = PBXBuildFile; fileRef = 7389684A273E747200C9DBD3 /* ItemTabViewModel.swift */; };
		7389684D273EA29300C9DBD3 /* AddNewItemViewController.swift in Sources */ = {isa = PBXBuildFile; fileRef = 7389684C273EA29300C9DBD3 /* AddNewItemViewController.swift */; };
		738FB5C72730103000E03365 /* TabBarViewController.swift in Sources */ = {isa = PBXBuildFile; fileRef = 738FB5C62730103000E03365 /* TabBarViewController.swift */; };
		738FB5C92730105100E03365 /* ItemTabViewController.swift in Sources */ = {isa = PBXBuildFile; fileRef = 738FB5C82730105100E03365 /* ItemTabViewController.swift */; };
		738FB5CB2730105E00E03365 /* ListTabPageViewController.swift in Sources */ = {isa = PBXBuildFile; fileRef = 738FB5CA2730105E00E03365 /* ListTabPageViewController.swift */; };
		73A44B942726871C0050B341 /* AppDelegate.swift in Sources */ = {isa = PBXBuildFile; fileRef = 73A44B932726871C0050B341 /* AppDelegate.swift */; };
		73A44B962726871C0050B341 /* SceneDelegate.swift in Sources */ = {isa = PBXBuildFile; fileRef = 73A44B952726871C0050B341 /* SceneDelegate.swift */; };
		73A44B982726871C0050B341 /* ViewController.swift in Sources */ = {isa = PBXBuildFile; fileRef = 73A44B972726871C0050B341 /* ViewController.swift */; };
		73A44B9B2726871C0050B341 /* Main.storyboard in Resources */ = {isa = PBXBuildFile; fileRef = 73A44B992726871C0050B341 /* Main.storyboard */; };
		73A44B9D272687210050B341 /* Assets.xcassets in Resources */ = {isa = PBXBuildFile; fileRef = 73A44B9C272687210050B341 /* Assets.xcassets */; };
		73A44BA0272687210050B341 /* LaunchScreen.storyboard in Resources */ = {isa = PBXBuildFile; fileRef = 73A44B9E272687210050B341 /* LaunchScreen.storyboard */; };
		73C8B2AE273020500056F1F2 /* ShoppingListViewController.swift in Sources */ = {isa = PBXBuildFile; fileRef = 73C8B2AD273020500056F1F2 /* ShoppingListViewController.swift */; };
		73C8B2B027302D930056F1F2 /* ListTabViewModel.swift in Sources */ = {isa = PBXBuildFile; fileRef = 73C8B2AF27302D930056F1F2 /* ListTabViewModel.swift */; };
		73C8B2B227302DBD0056F1F2 /* ListViewModel.swift in Sources */ = {isa = PBXBuildFile; fileRef = 73C8B2B127302DBD0056F1F2 /* ListViewModel.swift */; };
/* End PBXBuildFile section */

/* Begin PBXFileReference section */
		734E16FE2735639800C47AB9 /* PickItemViewController.swift */ = {isa = PBXFileReference; lastKnownFileType = sourcecode.swift; path = PickItemViewController.swift; sourceTree = "<group>"; };
		734E1701273569C200C47AB9 /* ItemsManager.swift */ = {isa = PBXFileReference; lastKnownFileType = sourcecode.swift; path = ItemsManager.swift; sourceTree = "<group>"; };
		734E170327357E5900C47AB9 /* PickItemViewModel.swift */ = {isa = PBXFileReference; lastKnownFileType = sourcecode.swift; path = PickItemViewModel.swift; sourceTree = "<group>"; };
		7389684A273E747200C9DBD3 /* ItemTabViewModel.swift */ = {isa = PBXFileReference; lastKnownFileType = sourcecode.swift; path = ItemTabViewModel.swift; sourceTree = "<group>"; };
		7389684C273EA29300C9DBD3 /* AddNewItemViewController.swift */ = {isa = PBXFileReference; lastKnownFileType = sourcecode.swift; path = AddNewItemViewController.swift; sourceTree = "<group>"; };
		738FB5C62730103000E03365 /* TabBarViewController.swift */ = {isa = PBXFileReference; lastKnownFileType = sourcecode.swift; path = TabBarViewController.swift; sourceTree = "<group>"; };
		738FB5C82730105100E03365 /* ItemTabViewController.swift */ = {isa = PBXFileReference; lastKnownFileType = sourcecode.swift; path = ItemTabViewController.swift; sourceTree = "<group>"; };
		738FB5CA2730105E00E03365 /* ListTabPageViewController.swift */ = {isa = PBXFileReference; lastKnownFileType = sourcecode.swift; path = ListTabPageViewController.swift; sourceTree = "<group>"; };
		73A44B902726871C0050B341 /* ShoppingList.app */ = {isa = PBXFileReference; explicitFileType = wrapper.application; includeInIndex = 0; path = ShoppingList.app; sourceTree = BUILT_PRODUCTS_DIR; };
		73A44B932726871C0050B341 /* AppDelegate.swift */ = {isa = PBXFileReference; lastKnownFileType = sourcecode.swift; path = AppDelegate.swift; sourceTree = "<group>"; };
		73A44B952726871C0050B341 /* SceneDelegate.swift */ = {isa = PBXFileReference; lastKnownFileType = sourcecode.swift; path = SceneDelegate.swift; sourceTree = "<group>"; };
		73A44B972726871C0050B341 /* ViewController.swift */ = {isa = PBXFileReference; lastKnownFileType = sourcecode.swift; path = ViewController.swift; sourceTree = "<group>"; };
		73A44B9A2726871C0050B341 /* Base */ = {isa = PBXFileReference; lastKnownFileType = file.storyboard; name = Base; path = Base.lproj/Main.storyboard; sourceTree = "<group>"; };
		73A44B9C272687210050B341 /* Assets.xcassets */ = {isa = PBXFileReference; lastKnownFileType = folder.assetcatalog; path = Assets.xcassets; sourceTree = "<group>"; };
		73A44B9F272687210050B341 /* Base */ = {isa = PBXFileReference; lastKnownFileType = file.storyboard; name = Base; path = Base.lproj/LaunchScreen.storyboard; sourceTree = "<group>"; };
		73A44BA1272687210050B341 /* Info.plist */ = {isa = PBXFileReference; lastKnownFileType = text.plist.xml; path = Info.plist; sourceTree = "<group>"; };
		73C8B2AD273020500056F1F2 /* ShoppingListViewController.swift */ = {isa = PBXFileReference; lastKnownFileType = sourcecode.swift; path = ShoppingListViewController.swift; sourceTree = "<group>"; };
		73C8B2AF27302D930056F1F2 /* ListTabViewModel.swift */ = {isa = PBXFileReference; lastKnownFileType = sourcecode.swift; path = ListTabViewModel.swift; sourceTree = "<group>"; };
		73C8B2B127302DBD0056F1F2 /* ListViewModel.swift */ = {isa = PBXFileReference; lastKnownFileType = sourcecode.swift; path = ListViewModel.swift; sourceTree = "<group>"; };
/* End PBXFileReference section */

/* Begin PBXFrameworksBuildPhase section */
		73A44B8D2726871C0050B341 /* Frameworks */ = {
			isa = PBXFrameworksBuildPhase;
			buildActionMask = 2147483647;
			files = (
			);
			runOnlyForDeploymentPostprocessing = 0;
		};
/* End PBXFrameworksBuildPhase section */

/* Begin PBXGroup section */
		734E17002735699800C47AB9 /* Managers */ = {
			isa = PBXGroup;
			children = (
				734E1701273569C200C47AB9 /* ItemsManager.swift */,
			);
			path = Managers;
			sourceTree = "<group>";
		};
		73A44B872726871C0050B341 = {
			isa = PBXGroup;
			children = (
				73A44B922726871C0050B341 /* ShoppingList */,
				73A44B912726871C0050B341 /* Products */,
			);
			sourceTree = "<group>";
		};
		73A44B912726871C0050B341 /* Products */ = {
			isa = PBXGroup;
			children = (
				73A44B902726871C0050B341 /* ShoppingList.app */,
			);
			name = Products;
			sourceTree = "<group>";
		};
		73A44B922726871C0050B341 /* ShoppingList */ = {
			isa = PBXGroup;
			children = (
				734E17002735699800C47AB9 /* Managers */,
				73A44BA92726873F0050B341 /* View Models */,
				73A44BA8272687380050B341 /* View Controllers */,
				73A44BA7272687300050B341 /* Views */,
				73A44B932726871C0050B341 /* AppDelegate.swift */,
				73A44B952726871C0050B341 /* SceneDelegate.swift */,
				73A44B972726871C0050B341 /* ViewController.swift */,
				73A44B992726871C0050B341 /* Main.storyboard */,
				73A44B9C272687210050B341 /* Assets.xcassets */,
				73A44B9E272687210050B341 /* LaunchScreen.storyboard */,
				73A44BA1272687210050B341 /* Info.plist */,
			);
			path = ShoppingList;
			sourceTree = "<group>";
		};
		73A44BA7272687300050B341 /* Views */ = {
			isa = PBXGroup;
			children = (
			);
			path = Views;
			sourceTree = "<group>";
		};
		73A44BA8272687380050B341 /* View Controllers */ = {
			isa = PBXGroup;
			children = (
				738FB5C62730103000E03365 /* TabBarViewController.swift */,
				738FB5C82730105100E03365 /* ItemTabViewController.swift */,
				738FB5CA2730105E00E03365 /* ListTabPageViewController.swift */,
				73C8B2AD273020500056F1F2 /* ShoppingListViewController.swift */,
				734E16FE2735639800C47AB9 /* PickItemViewController.swift */,
				7389684C273EA29300C9DBD3 /* AddNewItemViewController.swift */,
			);
			path = "View Controllers";
			sourceTree = "<group>";
		};
		73A44BA92726873F0050B341 /* View Models */ = {
			isa = PBXGroup;
			children = (
				73C8B2AF27302D930056F1F2 /* ListTabViewModel.swift */,
				73C8B2B127302DBD0056F1F2 /* ListViewModel.swift */,
				734E170327357E5900C47AB9 /* PickItemViewModel.swift */,
				7389684A273E747200C9DBD3 /* ItemTabViewModel.swift */,
			);
			path = "View Models";
			sourceTree = "<group>";
		};
/* End PBXGroup section */

/* Begin PBXNativeTarget section */
		73A44B8F2726871C0050B341 /* ShoppingList */ = {
			isa = PBXNativeTarget;
			buildConfigurationList = 73A44BA4272687210050B341 /* Build configuration list for PBXNativeTarget "ShoppingList" */;
			buildPhases = (
				73A44B8C2726871C0050B341 /* Sources */,
				73A44B8D2726871C0050B341 /* Frameworks */,
				73A44B8E2726871C0050B341 /* Resources */,
			);
			buildRules = (
			);
			dependencies = (
			);
			name = ShoppingList;
			productName = ShoppingList;
			productReference = 73A44B902726871C0050B341 /* ShoppingList.app */;
			productType = "com.apple.product-type.application";
		};
/* End PBXNativeTarget section */

/* Begin PBXProject section */
		73A44B882726871C0050B341 /* Project object */ = {
			isa = PBXProject;
			attributes = {
				BuildIndependentTargetsInParallel = 1;
				LastSwiftUpdateCheck = 1300;
				LastUpgradeCheck = 1300;
				TargetAttributes = {
					73A44B8F2726871C0050B341 = {
						CreatedOnToolsVersion = 13.0;
					};
				};
			};
			buildConfigurationList = 73A44B8B2726871C0050B341 /* Build configuration list for PBXProject "ShoppingList" */;
			compatibilityVersion = "Xcode 13.0";
			developmentRegion = en;
			hasScannedForEncodings = 0;
			knownRegions = (
				en,
				Base,
			);
			mainGroup = 73A44B872726871C0050B341;
			productRefGroup = 73A44B912726871C0050B341 /* Products */;
			projectDirPath = "";
			projectRoot = "";
			targets = (
				73A44B8F2726871C0050B341 /* ShoppingList */,
			);
		};
/* End PBXProject section */

/* Begin PBXResourcesBuildPhase section */
		73A44B8E2726871C0050B341 /* Resources */ = {
			isa = PBXResourcesBuildPhase;
			buildActionMask = 2147483647;
			files = (
				73A44BA0272687210050B341 /* LaunchScreen.storyboard in Resources */,
				73A44B9D272687210050B341 /* Assets.xcassets in Resources */,
				73A44B9B2726871C0050B341 /* Main.storyboard in Resources */,
			);
			runOnlyForDeploymentPostprocessing = 0;
		};
/* End PBXResourcesBuildPhase section */

/* Begin PBXSourcesBuildPhase section */
		73A44B8C2726871C0050B341 /* Sources */ = {
			isa = PBXSourcesBuildPhase;
			buildActionMask = 2147483647;
			files = (
				7389684B273E747200C9DBD3 /* ItemTabViewModel.swift in Sources */,
				73C8B2B027302D930056F1F2 /* ListTabViewModel.swift in Sources */,
				738FB5C72730103000E03365 /* TabBarViewController.swift in Sources */,
				738FB5C92730105100E03365 /* ItemTabViewController.swift in Sources */,
				73A44B982726871C0050B341 /* ViewController.swift in Sources */,
				734E1702273569C200C47AB9 /* ItemsManager.swift in Sources */,
				73A44B942726871C0050B341 /* AppDelegate.swift in Sources */,
				73C8B2B227302DBD0056F1F2 /* ListViewModel.swift in Sources */,
				7389684D273EA29300C9DBD3 /* AddNewItemViewController.swift in Sources */,
				73A44B962726871C0050B341 /* SceneDelegate.swift in Sources */,
				734E170427357E5900C47AB9 /* PickItemViewModel.swift in Sources */,
				738FB5CB2730105E00E03365 /* ListTabPageViewController.swift in Sources */,
				734E16FF2735639800C47AB9 /* PickItemViewController.swift in Sources */,
				73C8B2AE273020500056F1F2 /* ShoppingListViewController.swift in Sources */,
			);
			runOnlyForDeploymentPostprocessing = 0;
		};
/* End PBXSourcesBuildPhase section */

/* Begin PBXVariantGroup section */
		73A44B992726871C0050B341 /* Main.storyboard */ = {
			isa = PBXVariantGroup;
			children = (
				73A44B9A2726871C0050B341 /* Base */,
			);
			name = Main.storyboard;
			sourceTree = "<group>";
		};
		73A44B9E272687210050B341 /* LaunchScreen.storyboard */ = {
			isa = PBXVariantGroup;
			children = (
				73A44B9F272687210050B341 /* Base */,
			);
			name = LaunchScreen.storyboard;
			sourceTree = "<group>";
		};
/* End PBXVariantGroup section */

/* Begin XCBuildConfiguration section */
		73A44BA2272687210050B341 /* Debug */ = {
			isa = XCBuildConfiguration;
			buildSettings = {
				ALWAYS_SEARCH_USER_PATHS = NO;
				CLANG_ANALYZER_NONNULL = YES;
				CLANG_ANALYZER_NUMBER_OBJECT_CONVERSION = YES_AGGRESSIVE;
				CLANG_CXX_LANGUAGE_STANDARD = "gnu++17";
				CLANG_CXX_LIBRARY = "libc++";
				CLANG_ENABLE_MODULES = YES;
				CLANG_ENABLE_OBJC_ARC = YES;
				CLANG_ENABLE_OBJC_WEAK = YES;
				CLANG_WARN_BLOCK_CAPTURE_AUTORELEASING = YES;
				CLANG_WARN_BOOL_CONVERSION = YES;
				CLANG_WARN_COMMA = YES;
				CLANG_WARN_CONSTANT_CONVERSION = YES;
				CLANG_WARN_DEPRECATED_OBJC_IMPLEMENTATIONS = YES;
				CLANG_WARN_DIRECT_OBJC_ISA_USAGE = YES_ERROR;
				CLANG_WARN_DOCUMENTATION_COMMENTS = YES;
				CLANG_WARN_EMPTY_BODY = YES;
				CLANG_WARN_ENUM_CONVERSION = YES;
				CLANG_WARN_INFINITE_RECURSION = YES;
				CLANG_WARN_INT_CONVERSION = YES;
				CLANG_WARN_NON_LITERAL_NULL_CONVERSION = YES;
				CLANG_WARN_OBJC_IMPLICIT_RETAIN_SELF = YES;
				CLANG_WARN_OBJC_LITERAL_CONVERSION = YES;
				CLANG_WARN_OBJC_ROOT_CLASS = YES_ERROR;
				CLANG_WARN_QUOTED_INCLUDE_IN_FRAMEWORK_HEADER = YES;
				CLANG_WARN_RANGE_LOOP_ANALYSIS = YES;
				CLANG_WARN_STRICT_PROTOTYPES = YES;
				CLANG_WARN_SUSPICIOUS_MOVE = YES;
				CLANG_WARN_UNGUARDED_AVAILABILITY = YES_AGGRESSIVE;
				CLANG_WARN_UNREACHABLE_CODE = YES;
				CLANG_WARN__DUPLICATE_METHOD_MATCH = YES;
				COPY_PHASE_STRIP = NO;
				DEBUG_INFORMATION_FORMAT = dwarf;
				ENABLE_STRICT_OBJC_MSGSEND = YES;
				ENABLE_TESTABILITY = YES;
				GCC_C_LANGUAGE_STANDARD = gnu11;
				GCC_DYNAMIC_NO_PIC = NO;
				GCC_NO_COMMON_BLOCKS = YES;
				GCC_OPTIMIZATION_LEVEL = 0;
				GCC_PREPROCESSOR_DEFINITIONS = (
					"DEBUG=1",
					"$(inherited)",
				);
				GCC_WARN_64_TO_32_BIT_CONVERSION = YES;
				GCC_WARN_ABOUT_RETURN_TYPE = YES_ERROR;
				GCC_WARN_UNDECLARED_SELECTOR = YES;
				GCC_WARN_UNINITIALIZED_AUTOS = YES_AGGRESSIVE;
				GCC_WARN_UNUSED_FUNCTION = YES;
				GCC_WARN_UNUSED_VARIABLE = YES;
				IPHONEOS_DEPLOYMENT_TARGET = 15.0;
				MTL_ENABLE_DEBUG_INFO = INCLUDE_SOURCE;
				MTL_FAST_MATH = YES;
				ONLY_ACTIVE_ARCH = YES;
				SDKROOT = iphoneos;
				SWIFT_ACTIVE_COMPILATION_CONDITIONS = DEBUG;
				SWIFT_OPTIMIZATION_LEVEL = "-Onone";
			};
			name = Debug;
		};
		73A44BA3272687210050B341 /* Release */ = {
			isa = XCBuildConfiguration;
			buildSettings = {
				ALWAYS_SEARCH_USER_PATHS = NO;
				CLANG_ANALYZER_NONNULL = YES;
				CLANG_ANALYZER_NUMBER_OBJECT_CONVERSION = YES_AGGRESSIVE;
				CLANG_CXX_LANGUAGE_STANDARD = "gnu++17";
				CLANG_CXX_LIBRARY = "libc++";
				CLANG_ENABLE_MODULES = YES;
				CLANG_ENABLE_OBJC_ARC = YES;
				CLANG_ENABLE_OBJC_WEAK = YES;
				CLANG_WARN_BLOCK_CAPTURE_AUTORELEASING = YES;
				CLANG_WARN_BOOL_CONVERSION = YES;
				CLANG_WARN_COMMA = YES;
				CLANG_WARN_CONSTANT_CONVERSION = YES;
				CLANG_WARN_DEPRECATED_OBJC_IMPLEMENTATIONS = YES;
				CLANG_WARN_DIRECT_OBJC_ISA_USAGE = YES_ERROR;
				CLANG_WARN_DOCUMENTATION_COMMENTS = YES;
				CLANG_WARN_EMPTY_BODY = YES;
				CLANG_WARN_ENUM_CONVERSION = YES;
				CLANG_WARN_INFINITE_RECURSION = YES;
				CLANG_WARN_INT_CONVERSION = YES;
				CLANG_WARN_NON_LITERAL_NULL_CONVERSION = YES;
				CLANG_WARN_OBJC_IMPLICIT_RETAIN_SELF = YES;
				CLANG_WARN_OBJC_LITERAL_CONVERSION = YES;
				CLANG_WARN_OBJC_ROOT_CLASS = YES_ERROR;
				CLANG_WARN_QUOTED_INCLUDE_IN_FRAMEWORK_HEADER = YES;
				CLANG_WARN_RANGE_LOOP_ANALYSIS = YES;
				CLANG_WARN_STRICT_PROTOTYPES = YES;
				CLANG_WARN_SUSPICIOUS_MOVE = YES;
				CLANG_WARN_UNGUARDED_AVAILABILITY = YES_AGGRESSIVE;
				CLANG_WARN_UNREACHABLE_CODE = YES;
				CLANG_WARN__DUPLICATE_METHOD_MATCH = YES;
				COPY_PHASE_STRIP = NO;
				DEBUG_INFORMATION_FORMAT = "dwarf-with-dsym";
				ENABLE_NS_ASSERTIONS = NO;
				ENABLE_STRICT_OBJC_MSGSEND = YES;
				GCC_C_LANGUAGE_STANDARD = gnu11;
				GCC_NO_COMMON_BLOCKS = YES;
				GCC_WARN_64_TO_32_BIT_CONVERSION = YES;
				GCC_WARN_ABOUT_RETURN_TYPE = YES_ERROR;
				GCC_WARN_UNDECLARED_SELECTOR = YES;
				GCC_WARN_UNINITIALIZED_AUTOS = YES_AGGRESSIVE;
				GCC_WARN_UNUSED_FUNCTION = YES;
				GCC_WARN_UNUSED_VARIABLE = YES;
				IPHONEOS_DEPLOYMENT_TARGET = 15.0;
				MTL_ENABLE_DEBUG_INFO = NO;
				MTL_FAST_MATH = YES;
				SDKROOT = iphoneos;
				SWIFT_COMPILATION_MODE = wholemodule;
				SWIFT_OPTIMIZATION_LEVEL = "-O";
				VALIDATE_PRODUCT = YES;
			};
			name = Release;
		};
		73A44BA5272687210050B341 /* Debug */ = {
			isa = XCBuildConfiguration;
			buildSettings = {
				ASSETCATALOG_COMPILER_APPICON_NAME = AppIcon;
				ASSETCATALOG_COMPILER_GLOBAL_ACCENT_COLOR_NAME = AccentColor;
				CODE_SIGN_STYLE = Automatic;
				CURRENT_PROJECT_VERSION = 1;
				DEVELOPMENT_TEAM = 58TTF2TP3V;
				GENERATE_INFOPLIST_FILE = YES;
				INFOPLIST_FILE = ShoppingList/Info.plist;
				INFOPLIST_KEY_UIApplicationSupportsIndirectInputEvents = YES;
				INFOPLIST_KEY_UILaunchStoryboardName = LaunchScreen;
				INFOPLIST_KEY_UIMainStoryboardFile = Main;
				INFOPLIST_KEY_UISupportedInterfaceOrientations_iPad = "UIInterfaceOrientationPortrait UIInterfaceOrientationPortraitUpsideDown UIInterfaceOrientationLandscapeLeft UIInterfaceOrientationLandscapeRight";
				INFOPLIST_KEY_UISupportedInterfaceOrientations_iPhone = "UIInterfaceOrientationPortrait UIInterfaceOrientationLandscapeLeft UIInterfaceOrientationLandscapeRight";
				LD_RUNPATH_SEARCH_PATHS = (
					"$(inherited)",
					"@executable_path/Frameworks",
				);
				MARKETING_VERSION = 1.0;
				PRODUCT_BUNDLE_IDENTIFIER = com.mikaelzehnterfrisk.ShoppingList;
				PRODUCT_NAME = "$(TARGET_NAME)";
				SWIFT_EMIT_LOC_STRINGS = YES;
				SWIFT_VERSION = 5.0;
				TARGETED_DEVICE_FAMILY = "1,2";
			};
			name = Debug;
		};
		73A44BA6272687210050B341 /* Release */ = {
			isa = XCBuildConfiguration;
			buildSettings = {
				ASSETCATALOG_COMPILER_APPICON_NAME = AppIcon;
				ASSETCATALOG_COMPILER_GLOBAL_ACCENT_COLOR_NAME = AccentColor;
				CODE_SIGN_STYLE = Automatic;
				CURRENT_PROJECT_VERSION = 1;
				DEVELOPMENT_TEAM = 58TTF2TP3V;
				GENERATE_INFOPLIST_FILE = YES;
				INFOPLIST_FILE = ShoppingList/Info.plist;
				INFOPLIST_KEY_UIApplicationSupportsIndirectInputEvents = YES;
				INFOPLIST_KEY_UILaunchStoryboardName = LaunchScreen;
				INFOPLIST_KEY_UIMainStoryboardFile = Main;
				INFOPLIST_KEY_UISupportedInterfaceOrientations_iPad = "UIInterfaceOrientationPortrait UIInterfaceOrientationPortraitUpsideDown UIInterfaceOrientationLandscapeLeft UIInterfaceOrientationLandscapeRight";
				INFOPLIST_KEY_UISupportedInterfaceOrientations_iPhone = "UIInterfaceOrientationPortrait UIInterfaceOrientationLandscapeLeft UIInterfaceOrientationLandscapeRight";
				LD_RUNPATH_SEARCH_PATHS = (
					"$(inherited)",
					"@executable_path/Frameworks",
				);
				MARKETING_VERSION = 1.0;
				PRODUCT_BUNDLE_IDENTIFIER = com.mikaelzehnterfrisk.ShoppingList;
				PRODUCT_NAME = "$(TARGET_NAME)";
				SWIFT_EMIT_LOC_STRINGS = YES;
				SWIFT_VERSION = 5.0;
				TARGETED_DEVICE_FAMILY = "1,2";
			};
			name = Release;
		};
/* End XCBuildConfiguration section */

/* Begin XCConfigurationList section */
		73A44B8B2726871C0050B341 /* Build configuration list for PBXProject "ShoppingList" */ = {
			isa = XCConfigurationList;
			buildConfigurations = (
				73A44BA2272687210050B341 /* Debug */,
				73A44BA3272687210050B341 /* Release */,
			);
			defaultConfigurationIsVisible = 0;
			defaultConfigurationName = Release;
		};
		73A44BA4272687210050B341 /* Build configuration list for PBXNativeTarget "ShoppingList" */ = {
			isa = XCConfigurationList;
			buildConfigurations = (
				73A44BA5272687210050B341 /* Debug */,
				73A44BA6272687210050B341 /* Release */,
			);
			defaultConfigurationIsVisible = 0;
			defaultConfigurationName = Release;
		};
/* End XCConfigurationList section */
	};
	rootObject = 73A44B882726871C0050B341 /* Project object */;
}
